Microsoft Visual Studio Solution File, Format Version 8.00
Project("{8BC9CEB8-8B4A-11D0-8D11-00A0C91BC942}") = "fmtlib", "fmtlib\fmtlib.vcproj", "{A1AD7886-FC7C-4B3A-9435-3F48D581993D}"
	ProjectSection(ProjectDependencies) = postProject
	EndProjectSection
EndProject
Project("{8BC9CEB8-8B4A-11D0-8D11-00A0C91BC942}") = "memlib", "memlib\memlib.vcproj", "{B045EAFD-A96F-4D4C-AB1A-E8D50EC5B2EA}"
	ProjectSection(ProjectDependencies) = postProject
	EndProjectSection
EndProject
Project("{8BC9CEB8-8B4A-11D0-8D11-00A0C91BC942}") = "memtest", "memtest\memtest.vcproj", "{637D6106-53DF-46E5-9670-38FE37BA7292}"
	ProjectSection(ProjectDependencies) = postProject
		{B045EAFD-A96F-4D4C-AB1A-E8D50EC5B2EA} = {B045EAFD-A96F-4D4C-AB1A-E8D50EC5B2EA}
	EndProjectSection
EndProject
Project("{8BC9CEB8-8B4A-11D0-8D11-00A0C91BC942}") = "memmon", "memmon\memmon.vcproj", "{BE262559-2DC3-48FE-8864-B1E4048C1718}"
	ProjectSection(ProjectDependencies) = postProject
		{A1AD7886-FC7C-4B3A-9435-3F48D581993D} = {A1AD7886-FC7C-4B3A-9435-3F48D581993D}
		{B045EAFD-A96F-4D4C-AB1A-E8D50EC5B2EA} = {B045EAFD-A96F-4D4C-AB1A-E8D50EC5B2EA}
	EndProjectSection
EndProject
Project("{8BC9CEB8-8B4A-11D0-8D11-00A0C91BC942}") = "splitrec", "splitrec\splitrec.vcproj", "{85900076-283B-4227-8F80-32F58E320447}"
	ProjectSection(ProjectDependencies) = postProject
		{B045EAFD-A96F-4D4C-AB1A-E8D50EC5B2EA} = {B045EAFD-A96F-4D4C-AB1A-E8D50EC5B2EA}
	EndProjectSection
EndProject
Project("{8BC9CEB8-8B4A-11D0-8D11-00A0C91BC942}") = "memdiff", "memdiff\memdiff.vcproj", "{8E735EB2-D062-45D9-A2AE-CADFFBDAE422}"
	ProjectSection(ProjectDependencies) = postProject
		{B045EAFD-A96F-4D4C-AB1A-E8D50EC5B2EA} = {B045EAFD-A96F-4D4C-AB1A-E8D50EC5B2EA}
	EndProjectSection
EndProject
Project("{8BC9CEB8-8B4A-11D0-8D11-00A0C91BC942}") = "memcat", "memcat\memcat.vcproj", "{6F92AD00-F846-47BD-A9B3-43E4C1B49150}"
	ProjectSection(ProjectDependencies) = postProject
		{B045EAFD-A96F-4D4C-AB1A-E8D50EC5B2EA} = {B045EAFD-A96F-4D4C-AB1A-E8D50EC5B2EA}
	EndProjectSection
EndProject
Project("{8BC9CEB8-8B4A-11D0-8D11-00A0C91BC942}") = "joinrec", "joinrec\joinrec.vcproj", "{EA158441-27F1-4D70-A42A-89A93CCC7F8E}"
	ProjectSection(ProjectDependencies) = postProject
		{B045EAFD-A96F-4D4C-AB1A-E8D50EC5B2EA} = {B045EAFD-A96F-4D4C-AB1A-E8D50EC5B2EA}
	EndProjectSection
EndProject
Global
	GlobalSection(SolutionConfiguration) = preSolution
		Debug = Debug
		Release = Release
	EndGlobalSection
	GlobalSection(ProjectDependencies) = postSolution
	EndGlobalSection
	GlobalSection(ProjectConfiguration) = postSolution
		{A1AD7886-FC7C-4B3A-9435-3F48D581993D}.Debug.ActiveCfg = Debug|Win32
		{A1AD7886-FC7C-4B3A-9435-3F48D581993D}.Debug.Build.0 = Debug|Win32
		{A1AD7886-FC7C-4B3A-9435-3F48D581993D}.Release.ActiveCfg = Release|Win32
		{A1AD7886-FC7C-4B3A-9435-3F48D581993D}.Release.Build.0 = Release|Win32
		{B045EAFD-A96F-4D4C-AB1A-E8D50EC5B2EA}.Debug.ActiveCfg = Debug|Win32
		{B045EAFD-A96F-4D4C-AB1A-E8D50EC5B2EA}.Debug.Build.0 = Debug|Win32
		{B045EAFD-A96F-4D4C-AB1A-E8D50EC5B2EA}.Release.ActiveCfg = Release|Win32
		{B045EAFD-A96F-4D4C-AB1A-E8D50EC5B2EA}.Release.Build.0 = Release|Win32
		{637D6106-53DF-46E5-9670-38FE37BA7292}.Debug.ActiveCfg = Debug|Win32
		{637D6106-53DF-46E5-9670-38FE37BA7292}.Debug.Build.0 = Debug|Win32
		{637D6106-53DF-46E5-9670-38FE37BA7292}.Release.ActiveCfg = Release|Win32
		{637D6106-53DF-46E5-9670-38FE37BA7292}.Release.Build.0 = Release|Win32
		{BE262559-2DC3-48FE-8864-B1E4048C1718}.Debug.ActiveCfg = Debug|Win32
		{BE262559-2DC3-48FE-8864-B1E4048C1718}.Debug.Build.0 = Debug|Win32
		{BE262559-2DC3-48FE-8864-B1E4048C1718}.Release.ActiveCfg = Release|Win32
		{BE262559-2DC3-48FE-8864-B1E4048C1718}.Release.Build.0 = Release|Win32
		{85900076-283B-4227-8F80-32F58E320447}.Debug.ActiveCfg = Debug|Win32
		{85900076-283B-4227-8F80-32F58E320447}.Debug.Build.0 = Debug|Win32
		{85900076-283B-4227-8F80-32F58E320447}.Release.ActiveCfg = Release|Win32
		{85900076-283B-4227-8F80-32F58E320447}.Release.Build.0 = Release|Win32
		{8E735EB2-D062-45D9-A2AE-CADFFBDAE422}.Debug.ActiveCfg = Debug|Win32
		{8E735EB2-D062-45D9-A2AE-CADFFBDAE422}.Debug.Build.0 = Debug|Win32
		{8E735EB2-D062-45D9-A2AE-CADFFBDAE422}.Release.ActiveCfg = Release|Win32
		{8E735EB2-D062-45D9-A2AE-CADFFBDAE422}.Release.Build.0 = Release|Win32
		{6F92AD00-F846-47BD-A9B3-43E4C1B49150}.Debug.ActiveCfg = Debug|Win32
		{6F92AD00-F846-47BD-A9B3-43E4C1B49150}.Debug.Build.0 = Debug|Win32
		{6F92AD00-F846-47BD-A9B3-43E4C1B49150}.Release.ActiveCfg = Release|Win32
		{6F92AD00-F846-47BD-A9B3-43E4C1B49150}.Release.Build.0 = Release|Win32
		{EA158441-27F1-4D70-A42A-89A93CCC7F8E}.Debug.ActiveCfg = Debug|Win32
		{EA158441-27F1-4D70-A42A-89A93CCC7F8E}.Debug.Build.0 = Debug|Win32
		{EA158441-27F1-4D70-A42A-89A93CCC7F8E}.Release.ActiveCfg = Release|Win32
		{EA158441-27F1-4D70-A42A-89A93CCC7F8E}.Release.Build.0 = Release|Win32
	EndGlobalSection
	GlobalSection(ExtensibilityGlobals) = postSolution
	EndGlobalSection
	GlobalSection(ExtensibilityAddIns) = postSolution
	EndGlobalSection
EndGlobal
