
Microsoft Visual Studio Solution File, Format Version 10.00
# Visual Studio 2008
Project("{8BC9CEB8-8B4A-11D0-8D11-00A0C91BC942}") = "memmon", "memmon\memmon.vcproj", "{940EA588-998B-4547-8518-A4BB25CBF91F}"
	ProjectSection(ProjectDependencies) = postProject
		{ECEE9A1F-EA69-4C1D-8F13-53A101DA5178} = {ECEE9A1F-EA69-4C1D-8F13-53A101DA5178}
		{3B7FED65-4037-4959-BA4E-F1BDDF8CFB87} = {3B7FED65-4037-4959-BA4E-F1BDDF8CFB87}
	EndProjectSection
EndProject
Project("{8BC9CEB8-8B4A-11D0-8D11-00A0C91BC942}") = "fmtlib", "fmtlib\fmtlib.vcproj", "{ECEE9A1F-EA69-4C1D-8F13-53A101DA5178}"
EndProject
Project("{8BC9CEB8-8B4A-11D0-8D11-00A0C91BC942}") = "memlib", "memlib\memlib.vcproj", "{3B7FED65-4037-4959-BA4E-F1BDDF8CFB87}"
EndProject
Project("{8BC9CEB8-8B4A-11D0-8D11-00A0C91BC942}") = "memtest", "memtest\memtest.vcproj", "{6C12BE48-47D9-4A4F-BD95-D8431CAA20DA}"
	ProjectSection(ProjectDependencies) = postProject
		{3B7FED65-4037-4959-BA4E-F1BDDF8CFB87} = {3B7FED65-4037-4959-BA4E-F1BDDF8CFB87}
	EndProjectSection
EndProject
Project("{8BC9CEB8-8B4A-11D0-8D11-00A0C91BC942}") = "splitrec", "splitrec\splitrec.vcproj", "{A421B095-96FE-4AD8-A4E9-4CAC956BA7D1}"
	ProjectSection(ProjectDependencies) = postProject
		{3B7FED65-4037-4959-BA4E-F1BDDF8CFB87} = {3B7FED65-4037-4959-BA4E-F1BDDF8CFB87}
	EndProjectSection
EndProject
Project("{8BC9CEB8-8B4A-11D0-8D11-00A0C91BC942}") = "memdiff", "memdiff\memdiff.vcproj", "{4CB4A83F-DB76-421C-B004-D43E6F0294F1}"
	ProjectSection(ProjectDependencies) = postProject
		{3B7FED65-4037-4959-BA4E-F1BDDF8CFB87} = {3B7FED65-4037-4959-BA4E-F1BDDF8CFB87}
	EndProjectSection
EndProject
Project("{8BC9CEB8-8B4A-11D0-8D11-00A0C91BC942}") = "memcat", "memcat\memcat.vcproj", "{2CF04B42-201C-477A-BBF8-4F2D5C8DAFD0}"
	ProjectSection(ProjectDependencies) = postProject
		{3B7FED65-4037-4959-BA4E-F1BDDF8CFB87} = {3B7FED65-4037-4959-BA4E-F1BDDF8CFB87}
	EndProjectSection
EndProject
Global
	GlobalSection(SolutionConfigurationPlatforms) = preSolution
		Debug|Win32 = Debug|Win32
		Debug|x64 = Debug|x64
		Release|Win32 = Release|Win32
		Release|x64 = Release|x64
	EndGlobalSection
	GlobalSection(ProjectConfigurationPlatforms) = postSolution
		{940EA588-998B-4547-8518-A4BB25CBF91F}.Debug|Win32.ActiveCfg = Debug|Win32
		{940EA588-998B-4547-8518-A4BB25CBF91F}.Debug|Win32.Build.0 = Debug|Win32
		{940EA588-998B-4547-8518-A4BB25CBF91F}.Debug|x64.ActiveCfg = Debug|x64
		{940EA588-998B-4547-8518-A4BB25CBF91F}.Debug|x64.Build.0 = Debug|x64
		{940EA588-998B-4547-8518-A4BB25CBF91F}.Release|Win32.ActiveCfg = Release|Win32
		{940EA588-998B-4547-8518-A4BB25CBF91F}.Release|Win32.Build.0 = Release|Win32
		{940EA588-998B-4547-8518-A4BB25CBF91F}.Release|x64.ActiveCfg = Release|x64
		{940EA588-998B-4547-8518-A4BB25CBF91F}.Release|x64.Build.0 = Release|x64
		{ECEE9A1F-EA69-4C1D-8F13-53A101DA5178}.Debug|Win32.ActiveCfg = Debug|Win32
		{ECEE9A1F-EA69-4C1D-8F13-53A101DA5178}.Debug|Win32.Build.0 = Debug|Win32
		{ECEE9A1F-EA69-4C1D-8F13-53A101DA5178}.Debug|x64.ActiveCfg = Debug|x64
		{ECEE9A1F-EA69-4C1D-8F13-53A101DA5178}.Debug|x64.Build.0 = Debug|x64
		{ECEE9A1F-EA69-4C1D-8F13-53A101DA5178}.Release|Win32.ActiveCfg = Release|Win32
		{ECEE9A1F-EA69-4C1D-8F13-53A101DA5178}.Release|Win32.Build.0 = Release|Win32
		{ECEE9A1F-EA69-4C1D-8F13-53A101DA5178}.Release|x64.ActiveCfg = Release|x64
		{ECEE9A1F-EA69-4C1D-8F13-53A101DA5178}.Release|x64.Build.0 = Release|x64
		{3B7FED65-4037-4959-BA4E-F1BDDF8CFB87}.Debug|Win32.ActiveCfg = Debug|Win32
		{3B7FED65-4037-4959-BA4E-F1BDDF8CFB87}.Debug|Win32.Build.0 = Debug|Win32
		{3B7FED65-4037-4959-BA4E-F1BDDF8CFB87}.Debug|x64.ActiveCfg = Debug|x64
		{3B7FED65-4037-4959-BA4E-F1BDDF8CFB87}.Release|Win32.ActiveCfg = Release|Win32
		{3B7FED65-4037-4959-BA4E-F1BDDF8CFB87}.Release|Win32.Build.0 = Release|Win32
		{3B7FED65-4037-4959-BA4E-F1BDDF8CFB87}.Release|x64.ActiveCfg = Release|x64
		{6C12BE48-47D9-4A4F-BD95-D8431CAA20DA}.Debug|Win32.ActiveCfg = Debug|Win32
		{6C12BE48-47D9-4A4F-BD95-D8431CAA20DA}.Debug|Win32.Build.0 = Debug|Win32
		{6C12BE48-47D9-4A4F-BD95-D8431CAA20DA}.Debug|x64.ActiveCfg = Debug|x64
		{6C12BE48-47D9-4A4F-BD95-D8431CAA20DA}.Release|Win32.ActiveCfg = Release|Win32
		{6C12BE48-47D9-4A4F-BD95-D8431CAA20DA}.Release|Win32.Build.0 = Release|Win32
		{6C12BE48-47D9-4A4F-BD95-D8431CAA20DA}.Release|x64.ActiveCfg = Release|x64
		{A421B095-96FE-4AD8-A4E9-4CAC956BA7D1}.Debug|Win32.ActiveCfg = Debug|Win32
		{A421B095-96FE-4AD8-A4E9-4CAC956BA7D1}.Debug|Win32.Build.0 = Debug|Win32
		{A421B095-96FE-4AD8-A4E9-4CAC956BA7D1}.Debug|x64.ActiveCfg = Debug|x64
		{A421B095-96FE-4AD8-A4E9-4CAC956BA7D1}.Release|Win32.ActiveCfg = Release|Win32
		{A421B095-96FE-4AD8-A4E9-4CAC956BA7D1}.Release|Win32.Build.0 = Release|Win32
		{A421B095-96FE-4AD8-A4E9-4CAC956BA7D1}.Release|x64.ActiveCfg = Release|x64
		{4CB4A83F-DB76-421C-B004-D43E6F0294F1}.Debug|Win32.ActiveCfg = Debug|Win32
		{4CB4A83F-DB76-421C-B004-D43E6F0294F1}.Debug|Win32.Build.0 = Debug|Win32
		{4CB4A83F-DB76-421C-B004-D43E6F0294F1}.Debug|x64.ActiveCfg = Debug|x64
		{4CB4A83F-DB76-421C-B004-D43E6F0294F1}.Release|Win32.ActiveCfg = Release|Win32
		{4CB4A83F-DB76-421C-B004-D43E6F0294F1}.Release|Win32.Build.0 = Release|Win32
		{4CB4A83F-DB76-421C-B004-D43E6F0294F1}.Release|x64.ActiveCfg = Release|x64
		{2CF04B42-201C-477A-BBF8-4F2D5C8DAFD0}.Debug|Win32.ActiveCfg = Debug|Win32
		{2CF04B42-201C-477A-BBF8-4F2D5C8DAFD0}.Debug|Win32.Build.0 = Debug|Win32
		{2CF04B42-201C-477A-BBF8-4F2D5C8DAFD0}.Debug|x64.ActiveCfg = Debug|x64
		{2CF04B42-201C-477A-BBF8-4F2D5C8DAFD0}.Release|Win32.ActiveCfg = Release|Win32
		{2CF04B42-201C-477A-BBF8-4F2D5C8DAFD0}.Release|Win32.Build.0 = Release|Win32
		{2CF04B42-201C-477A-BBF8-4F2D5C8DAFD0}.Release|x64.ActiveCfg = Release|x64
	EndGlobalSection
	GlobalSection(SolutionProperties) = preSolution
		HideSolutionNode = FALSE
	EndGlobalSection
EndGlobal
